
Microsoft Visual Studio Solution File, Format Version 12.00
# Visual Studio 15
VisualStudioVersion = 15.0.28010.2003
MinimumVisualStudioVersion = 10.0.40219.1
Project("{FAE04EC0-301F-11D3-BF4B-00C04F79EFBC}") = "WebApplication1", "WebApplication1\WebApplication1.csproj", "{99198CDF-ECC1-4D12-84C1-BA0F56078944}"
EndProject
Global
	GlobalSection(SolutionConfigurationPlatforms) = preSolution
		Debug|Any CPU = Debug|Any CPU
		Release|Any CPU = Release|Any CPU
	EndGlobalSection
	GlobalSection(ProjectConfigurationPlatforms) = postSolution
		{99198CDF-ECC1-4D12-84C1-BA0F56078944}.Debug|Any CPU.ActiveCfg = Debug|Any CPU
		{99198CDF-ECC1-4D12-84C1-BA0F56078944}.Debug|Any CPU.Build.0 = Debug|Any CPU
		{99198CDF-ECC1-4D12-84C1-BA0F56078944}.Release|Any CPU.ActiveCfg = Release|Any CPU
		{99198CDF-ECC1-4D12-84C1-BA0F56078944}.Release|Any CPU.Build.0 = Release|Any CPU
	EndGlobalSection
	GlobalSection(SolutionProperties) = preSolution
		HideSolutionNode = FALSE
	EndGlobalSection
	GlobalSection(ExtensibilityGlobals) = postSolution
		SolutionGuid = {0A3DFC2D-59EB-44A8-9B7E-F0557588410A}
	EndGlobalSection
EndGlobal
